
Microsoft Visual Studio Solution File, Format Version 12.00
# Visual Studio Version 17
VisualStudioVersion = 17.3.32929.385
MinimumVisualStudioVersion = 10.0.40219.1
Project("{FAE04EC0-301F-11D3-BF4B-00C04F79EFBC}") = "Library Management System", "Library Management System\Library Management System.csproj", "{CCB976F7-DE92-4C96-A1DF-AF7A11A27D0D}"
EndProject
Global
	GlobalSection(SolutionConfigurationPlatforms) = preSolution
		Debug|Any CPU = Debug|Any CPU
		Release|Any CPU = Release|Any CPU
	EndGlobalSection
	GlobalSection(ProjectConfigurationPlatforms) = postSolution
		{CCB976F7-DE92-4C96-A1DF-AF7A11A27D0D}.Debug|Any CPU.ActiveCfg = Debug|Any CPU
		{CCB976F7-DE92-4C96-A1DF-AF7A11A27D0D}.Debug|Any CPU.Build.0 = Debug|Any CPU
		{CCB976F7-DE92-4C96-A1DF-AF7A11A27D0D}.Release|Any CPU.ActiveCfg = Release|Any CPU
		{CCB976F7-DE92-4C96-A1DF-AF7A11A27D0D}.Release|Any CPU.Build.0 = Release|Any CPU
	EndGlobalSection
	GlobalSection(SolutionProperties) = preSolution
		HideSolutionNode = FALSE
	EndGlobalSection
	GlobalSection(ExtensibilityGlobals) = postSolution
		SolutionGuid = {1F7144D6-F3CE-466A-8551-9F28D07D4257}
	EndGlobalSection
EndGlobal
